
Microsoft Visual Studio Solution File, Format Version 12.00
# Visual Studio Version 17
VisualStudioVersion = 17.8.34601.278
MinimumVisualStudioVersion = 10.0.40219.1
Project("{FAE04EC0-301F-11D3-BF4B-00C04F79EFBC}") = "j-s-blog-asp.net-api", "j-s-blog-asp.net-api\j-s-blog-asp.net-api.csproj", "{060E00B1-C475-41F8-8B52-91F9F2D627A0}"
EndProject
Global
	GlobalSection(SolutionConfigurationPlatforms) = preSolution
		Debug|Any CPU = Debug|Any CPU
		Release|Any CPU = Release|Any CPU
	EndGlobalSection
	GlobalSection(ProjectConfigurationPlatforms) = postSolution
		{060E00B1-C475-41F8-8B52-91F9F2D627A0}.Debug|Any CPU.ActiveCfg = Debug|Any CPU
		{060E00B1-C475-41F8-8B52-91F9F2D627A0}.Debug|Any CPU.Build.0 = Debug|Any CPU
		{060E00B1-C475-41F8-8B52-91F9F2D627A0}.Release|Any CPU.ActiveCfg = Release|Any CPU
		{060E00B1-C475-41F8-8B52-91F9F2D627A0}.Release|Any CPU.Build.0 = Release|Any CPU
	EndGlobalSection
	GlobalSection(SolutionProperties) = preSolution
		HideSolutionNode = FALSE
	EndGlobalSection
	GlobalSection(ExtensibilityGlobals) = postSolution
		SolutionGuid = {8ACC3F0C-5976-490F-A40B-F4559C57CF80}
	EndGlobalSection
EndGlobal
